PODS:
  - bk_flutter_image (0.0.1):
    - Flutter
    - SDWebImage (>= 5.17.0)
  - Flutter (1.0.0)
  - SDWebImage (5.17.0):
    - SDWebImage/Core (= 5.17.0)
  - SDWebImage/Core (5.17.0)

DEPENDENCIES:
  - bk_flutter_image (from `.symlinks/plugins/bk_flutter_image/ios`)
  - Flutter (from `Flutter`)
  - SDWebImage (= 5.17.0)

SPEC REPOS:
  trunk:
    - SDWebImage

EXTERNAL SOURCES:
  bk_flutter_image:
    :path: ".symlinks/plugins/bk_flutter_image/ios"
  Flutter:
    :path: Flutter

SPEC CHECKSUMS:
  bk_flutter_image: b1ed10e3bea994f3081c17b4d81ee7a00e883ae8
  Flutter: f04841e97a9d0b0a8025694d0796dd46242b2854
  SDWebImage: 750adf017a315a280c60fde706ab1e552a3ae4e9

PODFILE CHECKSUM: 1f002822211488753786e810e92ff07671b2f5a0

COCOAPODS: 1.11.3
